
Microsoft Visual Studio Solution File, Format Version 12.00
Project("{FAE04EC0-301F-11D3-BF4B-00C04F79EFBC}") = "ChatAnalyzer.Presentation", "ChatAnalyzer.Presentation\ChatAnalyzer.Presentation.csproj", "{54E2CC5D-985D-43B6-AD90-D397B1728D68}"
EndProject
Project("{FAE04EC0-301F-11D3-BF4B-00C04F79EFBC}") = "ChatAnalyzer.UnitTests", "ChatAnalyzer.UnitTests\ChatAnalyzer.UnitTests.csproj", "{87E3D161-C0B2-450A-91CA-D32456128C05}"
EndProject
Project("{FAE04EC0-301F-11D3-BF4B-00C04F79EFBC}") = "ChatAnalyzer.Application", "ChatAnalyzer.Application\ChatAnalyzer.Application.csproj", "{48C54937-1D52-4902-85AD-3F80E44C8ACB}"
EndProject
Project("{FAE04EC0-301F-11D3-BF4B-00C04F79EFBC}") = "ChatAnalyzer.Domain", "ChatAnalyzer.Domain\ChatAnalyzer.Domain.csproj", "{01D3957E-5A91-4C30-9039-470B49FC217D}"
EndProject
Project("{FAE04EC0-301F-11D3-BF4B-00C04F79EFBC}") = "ChatAnalyzer.Infrastructure", "ChatAnalyzer.Infrastructure\ChatAnalyzer.Infrastructure.csproj", "{351BFBE8-E7BC-4EB7-A9DD-E114DA255B5B}"
EndProject
Global
	GlobalSection(SolutionConfigurationPlatforms) = preSolution
		Debug|Any CPU = Debug|Any CPU
		Release|Any CPU = Release|Any CPU
	EndGlobalSection
	GlobalSection(ProjectConfigurationPlatforms) = postSolution
		{54E2CC5D-985D-43B6-AD90-D397B1728D68}.Debug|Any CPU.ActiveCfg = Debug|Any CPU
		{54E2CC5D-985D-43B6-AD90-D397B1728D68}.Debug|Any CPU.Build.0 = Debug|Any CPU
		{54E2CC5D-985D-43B6-AD90-D397B1728D68}.Release|Any CPU.ActiveCfg = Release|Any CPU
		{54E2CC5D-985D-43B6-AD90-D397B1728D68}.Release|Any CPU.Build.0 = Release|Any CPU
		{87E3D161-C0B2-450A-91CA-D32456128C05}.Debug|Any CPU.ActiveCfg = Debug|Any CPU
		{87E3D161-C0B2-450A-91CA-D32456128C05}.Debug|Any CPU.Build.0 = Debug|Any CPU
		{87E3D161-C0B2-450A-91CA-D32456128C05}.Release|Any CPU.ActiveCfg = Release|Any CPU
		{87E3D161-C0B2-450A-91CA-D32456128C05}.Release|Any CPU.Build.0 = Release|Any CPU
		{48C54937-1D52-4902-85AD-3F80E44C8ACB}.Debug|Any CPU.ActiveCfg = Debug|Any CPU
		{48C54937-1D52-4902-85AD-3F80E44C8ACB}.Debug|Any CPU.Build.0 = Debug|Any CPU
		{48C54937-1D52-4902-85AD-3F80E44C8ACB}.Release|Any CPU.ActiveCfg = Release|Any CPU
		{48C54937-1D52-4902-85AD-3F80E44C8ACB}.Release|Any CPU.Build.0 = Release|Any CPU
		{01D3957E-5A91-4C30-9039-470B49FC217D}.Debug|Any CPU.ActiveCfg = Debug|Any CPU
		{01D3957E-5A91-4C30-9039-470B49FC217D}.Debug|Any CPU.Build.0 = Debug|Any CPU
		{01D3957E-5A91-4C30-9039-470B49FC217D}.Release|Any CPU.ActiveCfg = Release|Any CPU
		{01D3957E-5A91-4C30-9039-470B49FC217D}.Release|Any CPU.Build.0 = Release|Any CPU
		{351BFBE8-E7BC-4EB7-A9DD-E114DA255B5B}.Debug|Any CPU.ActiveCfg = Debug|Any CPU
		{351BFBE8-E7BC-4EB7-A9DD-E114DA255B5B}.Debug|Any CPU.Build.0 = Debug|Any CPU
		{351BFBE8-E7BC-4EB7-A9DD-E114DA255B5B}.Release|Any CPU.ActiveCfg = Release|Any CPU
		{351BFBE8-E7BC-4EB7-A9DD-E114DA255B5B}.Release|Any CPU.Build.0 = Release|Any CPU
	EndGlobalSection
EndGlobal
